version = 1
revision = 1
requires-python = ">=3.13"

[[package]]
name = "click"
version = "8.2.1"
source = { registry = "https://pypi.org/simple" }
dependencies = [
    { name = "colorama", marker = "sys_platform == 'win32'" },
]
sdist = { url = "https://files.pythonhosted.org/packages/60/6c/8ca2efa64cf75a977a0d7fac081354553ebe483345c734fb6b6515d96bbc/click-8.2.1.tar.gz", hash = "sha256:27c491cc05d968d271d5a1db13e3b5a184636d9d930f148c50b038f0d0646202", size = 286342 }
wheels = [
    { url = "https://files.pythonhosted.org/packages/85/32/10bb5764d90a8eee674e9dc6f4db6a0ab47c8c4d0d83c27f7c39ac415a4d/click-8.2.1-py3-none-any.whl", hash = "sha256:61a3265b914e850b85317d0b3109c7f8cd35a670f963866005d6ef1d5175a12b", size = 102215 },
]

[[package]]
name = "colorama"
version = "0.4.6"
source = { registry = "https://pypi.org/simple" }
sdist = { url = "https://files.pythonhosted.org/packages/d8/53/6f443c9a4a8358a93a6792e2acffb9d9d5cb0a5cfd8802644b7b1c9a02e4/colorama-0.4.6.tar.gz", hash = "sha256:08695f5cb7ed6e0531a20572697297273c47b8cae5a63ffc6d6ed5c201be6e44", size = 27697 }
wheels = [
    { url = "https://files.pythonhosted.org/packages/d1/d6/3965ed04c63042e047cb6a3e6ed1a63a35087b6a609aa3a15ed8ac56c221/colorama-0.4.6-py2.py3-none-any.whl", hash = "sha256:4f1d9991f5acc0ca119f9d443620b77f9d6b33703e51011c16baf57afb285fc6", size = 25335 },
]

[[package]]
name = "ddgs"
version = "9.4.3"
source = { registry = "https://pypi.org/simple" }
dependencies = [
    { name = "click" },
    { name = "lxml" },
    { name = "primp" },
]
sdist = { url = "https://files.pythonhosted.org/packages/a7/36/23cf38e968260fdcc0068306136ac4ba5a9ceb0b4cde2ce7d70b8b90091b/ddgs-9.4.3.tar.gz", hash = "sha256:476646042ae8002c06e52c5be578386efbe8af54d7e86c3eb063fa6110eb5aa8", size = 31227 }
wheels = [
    { url = "https://files.pythonhosted.org/packages/b1/56/4805b11d2d8ba44bf381bb0971fe14dc0d081e81702103fb87dcd211bc88/ddgs-9.4.3-py3-none-any.whl", hash = "sha256:bb929f5d891745f5113a3bba9a3b8ec2713ff67afb82d97dcffe4695f61c9cc9", size = 34976 },
]

[[package]]
name = "langgraph-exploration"
version = "0.1.0"
source = { virtual = "." }
dependencies = [
    { name = "ddgs" },
]

[package.metadata]
requires-dist = [{ name = "ddgs", specifier = ">=9.4.3" }]

[[package]]
name = "lxml"
version = "6.0.0"
source = { registry = "https://pypi.org/simple" }
sdist = { url = "https://files.pythonhosted.org/packages/c5/ed/60eb6fa2923602fba988d9ca7c5cdbd7cf25faa795162ed538b527a35411/lxml-6.0.0.tar.gz", hash = "sha256:032e65120339d44cdc3efc326c9f660f5f7205f3a535c1fdbf898b29ea01fb72", size = 4096938 }
wheels = [
    { url = "https://files.pythonhosted.org/packages/79/21/6e7c060822a3c954ff085e5e1b94b4a25757c06529eac91e550f3f5cd8b8/lxml-6.0.0-cp313-cp313-macosx_10_13_universal2.whl", hash = "sha256:6da7cd4f405fd7db56e51e96bff0865b9853ae70df0e6720624049da76bde2da", size = 8414372 },
    { url = "https://files.pythonhosted.org/packages/a4/f6/051b1607a459db670fc3a244fa4f06f101a8adf86cda263d1a56b3a4f9d5/lxml-6.0.0-cp313-cp313-macosx_10_13_x86_64.whl", hash = "sha256:b34339898bb556a2351a1830f88f751679f343eabf9cf05841c95b165152c9e7", size = 4593940 },
    { url = "https://files.pythonhosted.org/packages/8e/74/dd595d92a40bda3c687d70d4487b2c7eff93fd63b568acd64fedd2ba00fe/lxml-6.0.0-cp313-cp313-manylinux2010_i686.manylinux2014_i686.manylinux_2_12_i686.manylinux_2_17_i686.whl", hash = "sha256:51a5e4c61a4541bd1cd3ba74766d0c9b6c12d6a1a4964ef60026832aac8e79b3", size = 5214329 },
    { url = "https://files.pythonhosted.org/packages/52/46/3572761efc1bd45fcafb44a63b3b0feeb5b3f0066886821e94b0254f9253/lxml-6.0.0-cp313-cp313-manylinux2014_aarch64.manylinux_2_17_aarch64.whl", hash = "sha256:d18a25b19ca7307045581b18b3ec9ead2b1db5ccd8719c291f0cd0a5cec6cb81", size = 4947559 },
    { url = "https://files.pythonhosted.org/packages/94/8a/5e40de920e67c4f2eef9151097deb9b52d86c95762d8ee238134aff2125d/lxml-6.0.0-cp313-cp313-manylinux2014_x86_64.manylinux_2_17_x86_64.whl", hash = "sha256:d4f0c66df4386b75d2ab1e20a489f30dc7fd9a06a896d64980541506086be1f1", size = 5102143 },
    { url = "https://files.pythonhosted.org/packages/7c/4b/20555bdd75d57945bdabfbc45fdb1a36a1a0ff9eae4653e951b2b79c9209/lxml-6.0.0-cp313-cp313-manylinux_2_27_aarch64.manylinux_2_28_aarch64.whl", hash = "sha256:9f4b481b6cc3a897adb4279216695150bbe7a44c03daba3c894f49d2037e0a24", size = 5021931 },
    { url = "https://files.pythonhosted.org/packages/b6/6e/cf03b412f3763d4ca23b25e70c96a74cfece64cec3addf1c4ec639586b13/lxml-6.0.0-cp313-cp313-manylinux_2_27_ppc64le.manylinux_2_28_ppc64le.whl", hash = "sha256:8a78d6c9168f5bcb20971bf3329c2b83078611fbe1f807baadc64afc70523b3a", size = 5645469 },
    { url = "https://files.pythonhosted.org/packages/d4/dd/39c8507c16db6031f8c1ddf70ed95dbb0a6d466a40002a3522c128aba472/lxml-6.0.0-cp313-cp313-manylinux_2_27_x86_64.manylinux_2_28_x86_64.whl", hash = "sha256:2ae06fbab4f1bb7db4f7c8ca9897dc8db4447d1a2b9bee78474ad403437bcc29", size = 5247467 },
    { url = "https://files.pythonhosted.org/packages/4d/56/732d49def0631ad633844cfb2664563c830173a98d5efd9b172e89a4800d/lxml-6.0.0-cp313-cp313-manylinux_2_31_armv7l.whl", hash = "sha256:1fa377b827ca2023244a06554c6e7dc6828a10aaf74ca41965c5d8a4925aebb4", size = 4720601 },
    { url = "https://files.pythonhosted.org/packages/8f/7f/6b956fab95fa73462bca25d1ea7fc8274ddf68fb8e60b78d56c03b65278e/lxml-6.0.0-cp313-cp313-musllinux_1_2_aarch64.whl", hash = "sha256:1676b56d48048a62ef77a250428d1f31f610763636e0784ba67a9740823988ca", size = 5060227 },
    { url = "https://files.pythonhosted.org/packages/97/06/e851ac2924447e8b15a294855caf3d543424364a143c001014d22c8ca94c/lxml-6.0.0-cp313-cp313-musllinux_1_2_armv7l.whl", hash = "sha256:0e32698462aacc5c1cf6bdfebc9c781821b7e74c79f13e5ffc8bfe27c42b1abf", size = 4790637 },
    { url = "https://files.pythonhosted.org/packages/06/d4/fd216f3cd6625022c25b336c7570d11f4a43adbaf0a56106d3d496f727a7/lxml-6.0.0-cp313-cp313-musllinux_1_2_ppc64le.whl", hash = "sha256:4d6036c3a296707357efb375cfc24bb64cd955b9ec731abf11ebb1e40063949f", size = 5662049 },
    { url = "https://files.pythonhosted.org/packages/52/03/0e764ce00b95e008d76b99d432f1807f3574fb2945b496a17807a1645dbd/lxml-6.0.0-cp313-cp313-musllinux_1_2_x86_64.whl", hash = "sha256:7488a43033c958637b1a08cddc9188eb06d3ad36582cebc7d4815980b47e27ef", size = 5272430 },
    { url = "https://files.pythonhosted.org/packages/5f/01/d48cc141bc47bc1644d20fe97bbd5e8afb30415ec94f146f2f76d0d9d098/lxml-6.0.0-cp313-cp313-win32.whl", hash = "sha256:5fcd7d3b1d8ecb91445bd71b9c88bdbeae528fefee4f379895becfc72298d181", size = 3612896 },
    { url = "https://files.pythonhosted.org/packages/f4/87/6456b9541d186ee7d4cb53bf1b9a0d7f3b1068532676940fdd594ac90865/lxml-6.0.0-cp313-cp313-win_amd64.whl", hash = "sha256:2f34687222b78fff795feeb799a7d44eca2477c3d9d3a46ce17d51a4f383e32e", size = 4013132 },
    { url = "https://files.pythonhosted.org/packages/b7/42/85b3aa8f06ca0d24962f8100f001828e1f1f1a38c954c16e71154ed7d53a/lxml-6.0.0-cp313-cp313-win_arm64.whl", hash = "sha256:21db1ec5525780fd07251636eb5f7acb84003e9382c72c18c542a87c416ade03", size = 3672642 },
]

[[package]]
name = "primp"
version = "0.15.0"
source = { registry = "https://pypi.org/simple" }
sdist = { url = "https://files.pythonhosted.org/packages/56/0b/a87556189da4de1fc6360ca1aa05e8335509633f836cdd06dd17f0743300/primp-0.15.0.tar.gz", hash = "sha256:1af8ea4b15f57571ff7fc5e282a82c5eb69bc695e19b8ddeeda324397965b30a", size = 113022 }
wheels = [
    { url = "https://files.pythonhosted.org/packages/f5/5a/146ac964b99ea7657ad67eb66f770be6577dfe9200cb28f9a95baffd6c3f/primp-0.15.0-cp38-abi3-macosx_10_12_x86_64.whl", hash = "sha256:1b281f4ca41a0c6612d4c6e68b96e28acfe786d226a427cd944baa8d7acd644f", size = 3178914 },
    { url = "https://files.pythonhosted.org/packages/bc/8a/cc2321e32db3ce64d6e32950d5bcbea01861db97bfb20b5394affc45b387/primp-0.15.0-cp38-abi3-macosx_11_0_arm64.whl", hash = "sha256:489cbab55cd793ceb8f90bb7423c6ea64ebb53208ffcf7a044138e3c66d77299", size = 2955079 },
    { url = "https://files.pythonhosted.org/packages/c3/7b/cbd5d999a07ff2a21465975d4eb477ae6f69765e8fe8c9087dab250180d8/primp-0.15.0-cp38-abi3-manylinux_2_17_x86_64.manylinux2014_x86_64.whl", hash = "sha256:c18b45c23f94016215f62d2334552224236217aaeb716871ce0e4dcfa08eb161", size = 3281018 },
    { url = "https://files.pythonhosted.org/packages/1b/6e/a6221c612e61303aec2bcac3f0a02e8b67aee8c0db7bdc174aeb8010f975/primp-0.15.0-cp38-abi3-manylinux_2_34_aarch64.whl", hash = "sha256:e985a9cba2e3f96a323722e5440aa9eccaac3178e74b884778e926b5249df080", size = 3255229 },
    { url = "https://files.pythonhosted.org/packages/3b/54/bfeef5aca613dc660a69d0760a26c6b8747d8fdb5a7f20cb2cee53c9862f/primp-0.15.0-cp38-abi3-manylinux_2_34_armv7l.whl", hash = "sha256:6b84a6ffa083e34668ff0037221d399c24d939b5629cd38223af860de9e17a83", size = 3014522 },
    { url = "https://files.pythonhosted.org/packages/ac/96/84078e09f16a1dad208f2fe0f8a81be2cf36e024675b0f9eec0c2f6e2182/primp-0.15.0-cp38-abi3-musllinux_1_2_aarch64.whl", hash = "sha256:592f6079646bdf5abbbfc3b0a28dac8de943f8907a250ce09398cda5eaebd260", size = 3418567 },
    { url = "https://files.pythonhosted.org/packages/6c/80/8a7a9587d3eb85be3d0b64319f2f690c90eb7953e3f73a9ddd9e46c8dc42/primp-0.15.0-cp38-abi3-musllinux_1_2_x86_64.whl", hash = "sha256:5a728e5a05f37db6189eb413d22c78bd143fa59dd6a8a26dacd43332b3971fe8", size = 3606279 },
    { url = "https://files.pythonhosted.org/packages/0c/dd/f0183ed0145e58cf9d286c1b2c14f63ccee987a4ff79ac85acc31b5d86bd/primp-0.15.0-cp38-abi3-win_amd64.whl", hash = "sha256:aeb6bd20b06dfc92cfe4436939c18de88a58c640752cf7f30d9e4ae893cdec32", size = 3149967 },
]
